
Microsoft Visual Studio Solution File, Format Version 12.00
# Visual Studio Version 16
VisualStudioVersion = 16.0.31005.135
MinimumVisualStudioVersion = 10.0.40219.1
Project("{9A19103F-16F7-4668-BE54-9A1E7A4F7556}") = "CalculeConsole", "Calculatrice\CalculeConsole.csproj", "{4360250B-8479-413C-BDBE-C4DFD040FBF6}"
EndProject
Project("{9A19103F-16F7-4668-BE54-9A1E7A4F7556}") = "Claculatrice", "Claculatrice\Claculatrice.csproj", "{4C3A49A3-B39C-47FF-8FC8-619B0EE24075}"
EndProject
Project("{FAE04EC0-301F-11D3-BF4B-00C04F79EFBC}") = "WinFormCalculatrice", "WinFormCalculatrice\WinFormCalculatrice.csproj", "{CF4D1397-1D61-4E67-8ECE-04F1B94F32D0}"
EndProject
Project("{FAE04EC0-301F-11D3-BF4B-00C04F79EFBC}") = "Icalculatrice", "ClassLibrary1\Icalculatrice.csproj", "{9287B369-F1C9-4521-AC2A-7EC4C2E3E3B9}"
EndProject
Global
	GlobalSection(SolutionConfigurationPlatforms) = preSolution
		Debug|Any CPU = Debug|Any CPU
		Release|Any CPU = Release|Any CPU
	EndGlobalSection
	GlobalSection(ProjectConfigurationPlatforms) = postSolution
		{4360250B-8479-413C-BDBE-C4DFD040FBF6}.Debug|Any CPU.ActiveCfg = Debug|Any CPU
		{4360250B-8479-413C-BDBE-C4DFD040FBF6}.Debug|Any CPU.Build.0 = Debug|Any CPU
		{4360250B-8479-413C-BDBE-C4DFD040FBF6}.Release|Any CPU.ActiveCfg = Release|Any CPU
		{4360250B-8479-413C-BDBE-C4DFD040FBF6}.Release|Any CPU.Build.0 = Release|Any CPU
		{4C3A49A3-B39C-47FF-8FC8-619B0EE24075}.Debug|Any CPU.ActiveCfg = Debug|Any CPU
		{4C3A49A3-B39C-47FF-8FC8-619B0EE24075}.Debug|Any CPU.Build.0 = Debug|Any CPU
		{4C3A49A3-B39C-47FF-8FC8-619B0EE24075}.Release|Any CPU.ActiveCfg = Release|Any CPU
		{4C3A49A3-B39C-47FF-8FC8-619B0EE24075}.Release|Any CPU.Build.0 = Release|Any CPU
		{CF4D1397-1D61-4E67-8ECE-04F1B94F32D0}.Debug|Any CPU.ActiveCfg = Debug|Any CPU
		{CF4D1397-1D61-4E67-8ECE-04F1B94F32D0}.Debug|Any CPU.Build.0 = Debug|Any CPU
		{CF4D1397-1D61-4E67-8ECE-04F1B94F32D0}.Release|Any CPU.ActiveCfg = Release|Any CPU
		{CF4D1397-1D61-4E67-8ECE-04F1B94F32D0}.Release|Any CPU.Build.0 = Release|Any CPU
		{9287B369-F1C9-4521-AC2A-7EC4C2E3E3B9}.Debug|Any CPU.ActiveCfg = Debug|Any CPU
		{9287B369-F1C9-4521-AC2A-7EC4C2E3E3B9}.Debug|Any CPU.Build.0 = Debug|Any CPU
		{9287B369-F1C9-4521-AC2A-7EC4C2E3E3B9}.Release|Any CPU.ActiveCfg = Release|Any CPU
		{9287B369-F1C9-4521-AC2A-7EC4C2E3E3B9}.Release|Any CPU.Build.0 = Release|Any CPU
	EndGlobalSection
	GlobalSection(SolutionProperties) = preSolution
		HideSolutionNode = FALSE
	EndGlobalSection
	GlobalSection(ExtensibilityGlobals) = postSolution
		SolutionGuid = {1C2FF4DD-9913-4378-8D8C-5B3834AECCC5}
	EndGlobalSection
EndGlobal
